<?xml version="1.0" encoding="utf-8"?>
<Project ToolsVersion="4.0" xmlns="http://schemas.microsoft.com/developer/msbuild/2003">
  <ItemGroup>
    <Filter Include="Source Files">
      <UniqueIdentifier>{4FC737F1-C7A5-4376-A066-2A32D752A2FF}</UniqueIdentifier>
      <Extensions>cpp;c;cc;cxx;c++;cppm;ixx;def;odl;idl;hpj;bat;asm;asmx</Extensions>
    </Filter>
    <Filter Include="Header Files">
      <UniqueIdentifier>{93995380-89BD-4b04-88EB-625FBE52EBFB}</UniqueIdentifier>
      <Extensions>h;hh;hpp;hxx;h++;hm;inl;inc;ipp;xsd</Extensions>
    </Filter>
    <Filter Include="Resource Files">
      <UniqueIdentifier>{67DA6AB6-F800-4c08-8B7A-83BB121AAD01}</UniqueIdentifier>
      <Extensions>rc;ico;cur;bmp;dlg;rc2;rct;bin;rgs;gif;jpg;jpeg;jpe;resx;tiff;tif;png;wav;mfcribbon-ms</Extensions>
    </Filter>
  </ItemGroup>
  <ItemGroup>
    <ClInclude Include="kursach.h">
      <Filter>Header Files</Filter>
    </ClInclude>
    <ClInclude Include="framework.h">
      <Filter>Header Files</Filter>
    </ClInclude>
    <ClInclude Include="targetver.h">
      <Filter>Header Files</Filter>
    </ClInclude>
    <ClInclude Include="MainFrm.h">
      <Filter>Header Files</Filter>
    </ClInclude>
    <ClInclude Include="kursachDoc.h">
      <Filter>Header Files</Filter>
    </ClInclude>
    <ClInclude Include="kursachView.h">
      <Filter>Header Files</Filter>
    </ClInclude>
    <ClInclude Include="Resource.h">
      <Filter>Header Files</Filter>
    </ClInclude>
    <ClInclude Include="pch.h">
      <Filter>Header Files</Filter>
    </ClInclude>
    <ClInclude Include="CMyTreeView.h">
      <Filter>Header Files</Filter>
    </ClInclude>
    <ClInclude Include="CNewDialog.h">
      <Filter>Header Files</Filter>
    </ClInclude>
    <ClInclude Include="CNewDialog2.h">
      <Filter>Header Files</Filter>
    </ClInclude>
  </ItemGroup>
  <ItemGroup>
    <ClCompile Include="kursach.cpp">
      <Filter>Source Files</Filter>
    </ClCompile>
    <ClCompile Include="MainFrm.cpp">
      <Filter>Source Files</Filter>
    </ClCompile>
    <ClCompile Include="kursachDoc.cpp">
      <Filter>Source Files</Filter>
    </ClCompile>
    <ClCompile Include="kursachView.cpp">
      <Filter>Source Files</Filter>
    </ClCompile>
    <ClCompile Include="pch.cpp">
      <Filter>Source Files</Filter>
    </ClCompile>
    <ClCompile Include="CMyTreeView.cpp">
      <Filter>Source Files</Filter>
    </ClCompile>
    <ClCompile Include="CNewDialog.cpp">
      <Filter>Source Files</Filter>
    </ClCompile>
    <ClCompile Include="CNewDialog2.cpp">
      <Filter>Source Files</Filter>
    </ClCompile>
  </ItemGroup>
  <ItemGroup>
    <None Include="kursach.reg" />
    <None Include="res\kursach.rc2">
      <Filter>Resource Files</Filter>
    </None>
  </ItemGroup>
  <ItemGroup>
    <ResourceCompile Include="kursach.rc">
      <Filter>Resource Files</Filter>
    </ResourceCompile>
  </ItemGroup>
  <ItemGroup>
    <Image Include="res\kursachDoc.ico">
      <Filter>Resource Files</Filter>
    </Image>
    <Image Include="res\kursach.ico">
      <Filter>Resource Files</Filter>
    </Image>
    <Image Include="res\Toolbar.bmp">
      <Filter>Resource Files</Filter>
    </Image>
    <Image Include="res\1isp.bmp">
      <Filter>Resource Files</Filter>
    </Image>
    <Image Include="res\1isp_3.bmp">
      <Filter>Resource Files</Filter>
    </Image>
    <Image Include="res\2isp.bmp">
      <Filter>Resource Files</Filter>
    </Image>
    <Image Include="res\1isp_4.bmp">
      <Filter>Resource Files</Filter>
    </Image>
    <Image Include="res\1isp_5.bmp">
      <Filter>Resource Files</Filter>
    </Image>
    <Image Include="res\1isp_6.bmp">
      <Filter>Resource Files</Filter>
    </Image>
    <Image Include="res\1isp_7.bmp">
      <Filter>Resource Files</Filter>
    </Image>
    <Image Include="res\2isp_3.bmp">
      <Filter>Resource Files</Filter>
    </Image>
    <Image Include="res\2isp_4.bmp">
      <Filter>Resource Files</Filter>
    </Image>
    <Image Include="..\..\..\..\kursach\kursach\res\1isp_4.bmp">
      <Filter>Resource Files</Filter>
    </Image>
  </ItemGroup>
</Project>